
Microsoft Visual Studio Solution File, Format Version 12.00
# Visual Studio Version 16
VisualStudioVersion = 16.0.29324.140
MinimumVisualStudioVersion = 10.0.40219.1
Project("{8BC9CEB8-8B4A-11D0-8D11-00A0C91BC942}") = "KR Fairuza Aliya", "KR Fairuza Aliya.vcxproj", "{BBCD7EC2-DDF7-4D5F-880C-57AC2CF33B93}"
EndProject
Global
	GlobalSection(SolutionConfigurationPlatforms) = preSolution
		Debug|x64 = Debug|x64
		Debug|x86 = Debug|x86
		Release|x64 = Release|x64
		Release|x86 = Release|x86
	EndGlobalSection
	GlobalSection(ProjectConfigurationPlatforms) = postSolution
		{BBCD7EC2-DDF7-4D5F-880C-57AC2CF33B93}.Debug|x64.ActiveCfg = Debug|x64
		{BBCD7EC2-DDF7-4D5F-880C-57AC2CF33B93}.Debug|x64.Build.0 = Debug|x64
		{BBCD7EC2-DDF7-4D5F-880C-57AC2CF33B93}.Debug|x86.ActiveCfg = Debug|Win32
		{BBCD7EC2-DDF7-4D5F-880C-57AC2CF33B93}.Debug|x86.Build.0 = Debug|Win32
		{BBCD7EC2-DDF7-4D5F-880C-57AC2CF33B93}.Release|x64.ActiveCfg = Release|x64
		{BBCD7EC2-DDF7-4D5F-880C-57AC2CF33B93}.Release|x64.Build.0 = Release|x64
		{BBCD7EC2-DDF7-4D5F-880C-57AC2CF33B93}.Release|x86.ActiveCfg = Release|Win32
		{BBCD7EC2-DDF7-4D5F-880C-57AC2CF33B93}.Release|x86.Build.0 = Release|Win32
	EndGlobalSection
	GlobalSection(SolutionProperties) = preSolution
		HideSolutionNode = FALSE
	EndGlobalSection
	GlobalSection(ExtensibilityGlobals) = postSolution
		SolutionGuid = {6B4663DA-2F8A-4607-9C2A-E4D30E083230}
	EndGlobalSection
EndGlobal
